
Microsoft Visual Studio Solution File, Format Version 12.00
# Visual Studio Version 17
VisualStudioVersion = 17.10.34916.146
MinimumVisualStudioVersion = 10.0.40219.1
Project("{FAE04EC0-301F-11D3-BF4B-00C04F79EFBC}") = "Project", "Project\Project.csproj", "{3E7066D3-5465-4BAA-9BAC-D0007AEBED5A}"
EndProject
Global
	GlobalSection(SolutionConfigurationPlatforms) = preSolution
		Debug|Any CPU = Debug|Any CPU
		Release|Any CPU = Release|Any CPU
	EndGlobalSection
	GlobalSection(ProjectConfigurationPlatforms) = postSolution
		{3E7066D3-5465-4BAA-9BAC-D0007AEBED5A}.Debug|Any CPU.ActiveCfg = Debug|Any CPU
		{3E7066D3-5465-4BAA-9BAC-D0007AEBED5A}.Debug|Any CPU.Build.0 = Debug|Any CPU
		{3E7066D3-5465-4BAA-9BAC-D0007AEBED5A}.Release|Any CPU.ActiveCfg = Release|Any CPU
		{3E7066D3-5465-4BAA-9BAC-D0007AEBED5A}.Release|Any CPU.Build.0 = Release|Any CPU
	EndGlobalSection
	GlobalSection(SolutionProperties) = preSolution
		HideSolutionNode = FALSE
	EndGlobalSection
	GlobalSection(ExtensibilityGlobals) = postSolution
		SolutionGuid = {66AA1B03-EF4D-40CC-8132-5F07063C993A}
	EndGlobalSection
EndGlobal
